
Microsoft Visual Studio Solution File, Format Version 12.00
# Visual Studio Version 17
VisualStudioVersion = 17.5.002.0
MinimumVisualStudioVersion = 10.0.40219.1
Project("{9A19103F-16F7-4668-BE54-9A1E7A4F7556}") = "api-team", "api-team.csproj", "{1C1A146F-EFB8-4D88-9088-51F755A661D8}"
EndProject
Global
	GlobalSection(SolutionConfigurationPlatforms) = preSolution
		Debug|Any CPU = Debug|Any CPU
		Release|Any CPU = Release|Any CPU
	EndGlobalSection
	GlobalSection(ProjectConfigurationPlatforms) = postSolution
		{1C1A146F-EFB8-4D88-9088-51F755A661D8}.Debug|Any CPU.ActiveCfg = Debug|Any CPU
		{1C1A146F-EFB8-4D88-9088-51F755A661D8}.Debug|Any CPU.Build.0 = Debug|Any CPU
		{1C1A146F-EFB8-4D88-9088-51F755A661D8}.Release|Any CPU.ActiveCfg = Release|Any CPU
		{1C1A146F-EFB8-4D88-9088-51F755A661D8}.Release|Any CPU.Build.0 = Release|Any CPU
	EndGlobalSection
	GlobalSection(SolutionProperties) = preSolution
		HideSolutionNode = FALSE
	EndGlobalSection
	GlobalSection(ExtensibilityGlobals) = postSolution
		SolutionGuid = {3E5F5F01-E07F-467C-AF74-98B900F8D8D3}
	EndGlobalSection
EndGlobal
